
Microsoft Visual Studio Solution File, Format Version 12.00
# Visual Studio 15
VisualStudioVersion = 15.0.26430.15
MinimumVisualStudioVersion = 10.0.40219.1
Project("{FAE04EC0-301F-11D3-BF4B-00C04F79EFBC}") = "CustomCrop", "CustomCrop\CustomCrop.csproj", "{1F516F4A-771A-449F-9E78-BCE1F2CC9C0D}"
EndProject
Project("{FAE04EC0-301F-11D3-BF4B-00C04F79EFBC}") = "HorseMod", "HorseMod\HorseMod.csproj", "{FD02612F-81B4-4ADB-AF7D-C8FC19121CD8}"
EndProject
Project("{FAE04EC0-301F-11D3-BF4B-00C04F79EFBC}") = "CustomNPC", "CustomNPC\CustomNPC.csproj", "{1E030856-DB27-463B-A587-D78D0890DB34}"
EndProject
Project("{FAE04EC0-301F-11D3-BF4B-00C04F79EFBC}") = "Stardew64", "Stardew64\Stardew64.csproj", "{FB9D4FE2-DEDF-4873-8ABE-7C16EDF202BC}"
EndProject
Project("{FAE04EC0-301F-11D3-BF4B-00C04F79EFBC}") = "CustomFarmAnimal", "CustomFarmAnimal\CustomFarmAnimal.csproj", "{AB8139A7-754E-4543-8D95-D6E1C7E1D588}"
EndProject
Global
	GlobalSection(SolutionConfigurationPlatforms) = preSolution
		Debug|Any CPU = Debug|Any CPU
		Debug|x86 = Debug|x86
		Release|Any CPU = Release|Any CPU
		Release|x86 = Release|x86
	EndGlobalSection
	GlobalSection(ProjectConfigurationPlatforms) = postSolution
		{1F516F4A-771A-449F-9E78-BCE1F2CC9C0D}.Debug|Any CPU.ActiveCfg = Debug|Any CPU
		{1F516F4A-771A-449F-9E78-BCE1F2CC9C0D}.Debug|Any CPU.Build.0 = Debug|Any CPU
		{1F516F4A-771A-449F-9E78-BCE1F2CC9C0D}.Debug|x86.ActiveCfg = Debug|Any CPU
		{1F516F4A-771A-449F-9E78-BCE1F2CC9C0D}.Debug|x86.Build.0 = Debug|Any CPU
		{1F516F4A-771A-449F-9E78-BCE1F2CC9C0D}.Release|Any CPU.ActiveCfg = Release|Any CPU
		{1F516F4A-771A-449F-9E78-BCE1F2CC9C0D}.Release|Any CPU.Build.0 = Release|Any CPU
		{1F516F4A-771A-449F-9E78-BCE1F2CC9C0D}.Release|x86.ActiveCfg = Release|Any CPU
		{1F516F4A-771A-449F-9E78-BCE1F2CC9C0D}.Release|x86.Build.0 = Release|Any CPU
		{FD02612F-81B4-4ADB-AF7D-C8FC19121CD8}.Debug|Any CPU.ActiveCfg = Debug|Any CPU
		{FD02612F-81B4-4ADB-AF7D-C8FC19121CD8}.Debug|Any CPU.Build.0 = Debug|Any CPU
		{FD02612F-81B4-4ADB-AF7D-C8FC19121CD8}.Debug|x86.ActiveCfg = Debug|Any CPU
		{FD02612F-81B4-4ADB-AF7D-C8FC19121CD8}.Debug|x86.Build.0 = Debug|Any CPU
		{FD02612F-81B4-4ADB-AF7D-C8FC19121CD8}.Release|Any CPU.ActiveCfg = Release|Any CPU
		{FD02612F-81B4-4ADB-AF7D-C8FC19121CD8}.Release|Any CPU.Build.0 = Release|Any CPU
		{FD02612F-81B4-4ADB-AF7D-C8FC19121CD8}.Release|x86.ActiveCfg = Release|Any CPU
		{FD02612F-81B4-4ADB-AF7D-C8FC19121CD8}.Release|x86.Build.0 = Release|Any CPU
		{1E030856-DB27-463B-A587-D78D0890DB34}.Debug|Any CPU.ActiveCfg = Debug|Any CPU
		{1E030856-DB27-463B-A587-D78D0890DB34}.Debug|Any CPU.Build.0 = Debug|Any CPU
		{1E030856-DB27-463B-A587-D78D0890DB34}.Debug|x86.ActiveCfg = Debug|Any CPU
		{1E030856-DB27-463B-A587-D78D0890DB34}.Debug|x86.Build.0 = Debug|Any CPU
		{1E030856-DB27-463B-A587-D78D0890DB34}.Release|Any CPU.ActiveCfg = Release|Any CPU
		{1E030856-DB27-463B-A587-D78D0890DB34}.Release|Any CPU.Build.0 = Release|Any CPU
		{1E030856-DB27-463B-A587-D78D0890DB34}.Release|x86.ActiveCfg = Release|Any CPU
		{1E030856-DB27-463B-A587-D78D0890DB34}.Release|x86.Build.0 = Release|Any CPU
		{FB9D4FE2-DEDF-4873-8ABE-7C16EDF202BC}.Debug|Any CPU.ActiveCfg = Debug|Any CPU
		{FB9D4FE2-DEDF-4873-8ABE-7C16EDF202BC}.Debug|Any CPU.Build.0 = Debug|Any CPU
		{FB9D4FE2-DEDF-4873-8ABE-7C16EDF202BC}.Debug|x86.ActiveCfg = Debug|Any CPU
		{FB9D4FE2-DEDF-4873-8ABE-7C16EDF202BC}.Debug|x86.Build.0 = Debug|Any CPU
		{FB9D4FE2-DEDF-4873-8ABE-7C16EDF202BC}.Release|Any CPU.ActiveCfg = Release|Any CPU
		{FB9D4FE2-DEDF-4873-8ABE-7C16EDF202BC}.Release|Any CPU.Build.0 = Release|Any CPU
		{FB9D4FE2-DEDF-4873-8ABE-7C16EDF202BC}.Release|x86.ActiveCfg = Release|Any CPU
		{FB9D4FE2-DEDF-4873-8ABE-7C16EDF202BC}.Release|x86.Build.0 = Release|Any CPU
		{AB8139A7-754E-4543-8D95-D6E1C7E1D588}.Debug|Any CPU.ActiveCfg = Debug|Any CPU
		{AB8139A7-754E-4543-8D95-D6E1C7E1D588}.Debug|Any CPU.Build.0 = Debug|Any CPU
		{AB8139A7-754E-4543-8D95-D6E1C7E1D588}.Debug|x86.ActiveCfg = Debug|Any CPU
		{AB8139A7-754E-4543-8D95-D6E1C7E1D588}.Debug|x86.Build.0 = Debug|Any CPU
		{AB8139A7-754E-4543-8D95-D6E1C7E1D588}.Release|Any CPU.ActiveCfg = Release|Any CPU
		{AB8139A7-754E-4543-8D95-D6E1C7E1D588}.Release|Any CPU.Build.0 = Release|Any CPU
		{AB8139A7-754E-4543-8D95-D6E1C7E1D588}.Release|x86.ActiveCfg = Release|Any CPU
		{AB8139A7-754E-4543-8D95-D6E1C7E1D588}.Release|x86.Build.0 = Release|Any CPU
	EndGlobalSection
	GlobalSection(SolutionProperties) = preSolution
		HideSolutionNode = FALSE
	EndGlobalSection
EndGlobal
